
Microsoft Visual Studio Solution File, Format Version 12.00
# Visual Studio Version 17
VisualStudioVersion = 17.8.34408.163
MinimumVisualStudioVersion = 10.0.40219.1
Project("{FAE04EC0-301F-11D3-BF4B-00C04F79EFBC}") = "BasicOperations", "BasicOperations.csproj", "{A2B135AB-7267-4D64-B2C8-4C7C3BF352B4}"
EndProject
Global
	GlobalSection(SolutionConfigurationPlatforms) = preSolution
		Debug|Any CPU = Debug|Any CPU
		Release|Any CPU = Release|Any CPU
	EndGlobalSection
	GlobalSection(ProjectConfigurationPlatforms) = postSolution
		{A2B135AB-7267-4D64-B2C8-4C7C3BF352B4}.Debug|Any CPU.ActiveCfg = Debug|Any CPU
		{A2B135AB-7267-4D64-B2C8-4C7C3BF352B4}.Debug|Any CPU.Build.0 = Debug|Any CPU
		{A2B135AB-7267-4D64-B2C8-4C7C3BF352B4}.Release|Any CPU.ActiveCfg = Release|Any CPU
		{A2B135AB-7267-4D64-B2C8-4C7C3BF352B4}.Release|Any CPU.Build.0 = Release|Any CPU
	EndGlobalSection
	GlobalSection(SolutionProperties) = preSolution
		HideSolutionNode = FALSE
	EndGlobalSection
	GlobalSection(ExtensibilityGlobals) = postSolution
		SolutionGuid = {E34EBDDF-2C71-4DB9-B6E4-48CE73783303}
	EndGlobalSection
EndGlobal
