
Microsoft Visual Studio Solution File, Format Version 12.00
# Visual Studio Version 17
VisualStudioVersion = 17.8.34511.84
MinimumVisualStudioVersion = 10.0.40219.1
Project("{9A19103F-16F7-4668-BE54-9A1E7A4F7556}") = "battleGame", "battleGame.csproj", "{F746F38E-9FA2-411E-9C6B-4D435A80838A}"
EndProject
Global
	GlobalSection(SolutionConfigurationPlatforms) = preSolution
		Debug|Any CPU = Debug|Any CPU
		Release|Any CPU = Release|Any CPU
	EndGlobalSection
	GlobalSection(ProjectConfigurationPlatforms) = postSolution
		{F746F38E-9FA2-411E-9C6B-4D435A80838A}.Debug|Any CPU.ActiveCfg = Debug|Any CPU
		{F746F38E-9FA2-411E-9C6B-4D435A80838A}.Debug|Any CPU.Build.0 = Debug|Any CPU
		{F746F38E-9FA2-411E-9C6B-4D435A80838A}.Release|Any CPU.ActiveCfg = Release|Any CPU
		{F746F38E-9FA2-411E-9C6B-4D435A80838A}.Release|Any CPU.Build.0 = Release|Any CPU
	EndGlobalSection
	GlobalSection(SolutionProperties) = preSolution
		HideSolutionNode = FALSE
	EndGlobalSection
	GlobalSection(ExtensibilityGlobals) = postSolution
		SolutionGuid = {82B38699-82F3-4C62-8347-F3D6CBFA4A36}
	EndGlobalSection
EndGlobal
