
Microsoft Visual Studio Solution File, Format Version 12.00
# Visual Studio Version 17
VisualStudioVersion = 17.8.34511.84
MinimumVisualStudioVersion = 10.0.40219.1
Project("{FAE04EC0-301F-11D3-BF4B-00C04F79EFBC}") = "validateInteger", "validateInteger\validateInteger.csproj", "{DABBC8BA-1972-4CA9-8336-9FBB8CC5586F}"
EndProject
Global
	GlobalSection(SolutionConfigurationPlatforms) = preSolution
		Debug|Any CPU = Debug|Any CPU
		Release|Any CPU = Release|Any CPU
	EndGlobalSection
	GlobalSection(ProjectConfigurationPlatforms) = postSolution
		{DABBC8BA-1972-4CA9-8336-9FBB8CC5586F}.Debug|Any CPU.ActiveCfg = Debug|Any CPU
		{DABBC8BA-1972-4CA9-8336-9FBB8CC5586F}.Debug|Any CPU.Build.0 = Debug|Any CPU
		{DABBC8BA-1972-4CA9-8336-9FBB8CC5586F}.Release|Any CPU.ActiveCfg = Release|Any CPU
		{DABBC8BA-1972-4CA9-8336-9FBB8CC5586F}.Release|Any CPU.Build.0 = Release|Any CPU
	EndGlobalSection
	GlobalSection(SolutionProperties) = preSolution
		HideSolutionNode = FALSE
	EndGlobalSection
	GlobalSection(ExtensibilityGlobals) = postSolution
		SolutionGuid = {9565142D-AEC2-44D6-A32B-7E03A703CD1D}
	EndGlobalSection
EndGlobal
